%{
  "elixir_make": {:hex, :elixir_make, "0.6.2", "7dffacd77dec4c37b39af867cedaabb0b59f6a871f89722c25b28fcd4bd70530", [:mix], [], "hexpm", "03e49eadda22526a7e5279d53321d1cced6552f344ba4e03e619063de75348d9"},
  "nerves": {:hex, :nerves, "1.7.1", "cae6aee88adc8dc6f697976f6bf337e26a24f45f5439b5bbd352b9b716b7c116", [:make, :mix], [{:elixir_make, "~> 0.6", [hex: :elixir_make, repo: "hexpm", optional: false]}, {:jason, "~> 1.2", [hex: :jason, repo: "hexpm", optional: true]}], "hexpm", "45bab096fae3b2efbbc105154234143caadc12b8584c120728b5a636e334e94d"},
  "nerves_system_br": {:hex, :nerves_system_br, "1.14.0", "d02da66545837ffe8e260e4c0a1257e2d5ccc4088ef62785d929c03f9391aff5", [:mix], [], "hexpm", "6f33eaf05022cfb8067730008d1070332a4c8c07fb5f09491d7b7e6a96b4b1ae"},
  "nerves_test_client": {:git, "https://github.com/mobileoverlord/nerves_test_client.git", "2ce416b60db08313da9ec7b7d03e0becc2f7e5ec", []},
  "nerves_toolchain_armv7_nerves_linux_gnueabihf": {:hex, :nerves_toolchain_armv7_nerves_linux_gnueabihf, "1.4.0", "209b57f49bad8f0b5ec85bd300576a4e2415c830078d7dfd0208a45b6cdb5ae1", [:mix], [{:nerves, "~> 1.0", [hex: :nerves, repo: "hexpm", optional: false]}, {:nerves_toolchain_ctng, "~> 1.8.1", [hex: :nerves_toolchain_ctng, repo: "hexpm", optional: false]}], "hexpm", "fcc39db324cc508a6001341744215c57424b39fba04028742bdedca72a8a2db4"},
  "nerves_toolchain_ctng": {:hex, :nerves_toolchain_ctng, "1.8.1", "444b8d51a53f7199c7985a38d9494c1508c7cf90b6fe598bc624e31800cfd700", [:mix], [{:nerves, "~> 1.0", [hex: :nerves, repo: "hexpm", optional: false]}], "hexpm", "e3969f1eaeb20e48041c699474baeff96cda5c73c1f18ff03189316a43d7a6fa"},
  "shoehorn": {:hex, :shoehorn, "0.7.0", "fc23870fb6b470f5c520fee692637b120a36e163842ab497bbec7e8a1aa6cfe3", [:mix], [], "hexpm", "eeb317ac677b228906039ccf532a582ad9f6d31d7958c98f5c853fe0459e0243"},
}
